
Microsoft Visual Studio Solution File, Format Version 12.00
# Visual Studio Version 17
VisualStudioVersion = 17.8.34309.116
MinimumVisualStudioVersion = 10.0.40219.1
Project("{FAE04EC0-301F-11D3-BF4B-00C04F79EFBC}") = "TestEpplusExel", "TestEpplusExel.csproj", "{2F40E1D4-CE68-4C1C-80B6-83C04F2A915C}"
EndProject
Global
	GlobalSection(SolutionConfigurationPlatforms) = preSolution
		Debug|Any CPU = Debug|Any CPU
		Release|Any CPU = Release|Any CPU
	EndGlobalSection
	GlobalSection(ProjectConfigurationPlatforms) = postSolution
		{2F40E1D4-CE68-4C1C-80B6-83C04F2A915C}.Debug|Any CPU.ActiveCfg = Debug|Any CPU
		{2F40E1D4-CE68-4C1C-80B6-83C04F2A915C}.Debug|Any CPU.Build.0 = Debug|Any CPU
		{2F40E1D4-CE68-4C1C-80B6-83C04F2A915C}.Release|Any CPU.ActiveCfg = Release|Any CPU
		{2F40E1D4-CE68-4C1C-80B6-83C04F2A915C}.Release|Any CPU.Build.0 = Release|Any CPU
	EndGlobalSection
	GlobalSection(SolutionProperties) = preSolution
		HideSolutionNode = FALSE
	EndGlobalSection
	GlobalSection(ExtensibilityGlobals) = postSolution
		SolutionGuid = {451BB4BD-E4FD-4FA0-BEBC-D1499E5C8058}
	EndGlobalSection
EndGlobal
